
Microsoft Visual Studio Solution File, Format Version 12.00
# Visual Studio 14
VisualStudioVersion = 14.0.23107.0
MinimumVisualStudioVersion = 10.0.40219.1
Project("{FAE04EC0-301F-11D3-BF4B-00C04F79EFBC}") = "Compiler", "Compiler\Compiler.csproj", "{191C2752-3F31-4235-AD26-B7E1287293E8}"
EndProject
Project("{FAE04EC0-301F-11D3-BF4B-00C04F79EFBC}") = "Compiler.Parser", "Compiler.Parser\Compiler.Parser.csproj", "{1A72E236-90D3-4729-9571-FDD1711E4CA7}"
EndProject
Project("{FAE04EC0-301F-11D3-BF4B-00C04F79EFBC}") = "Compiler.ThreeAddrCode", "Compiler.ThreeAddrCode\Compiler.ThreeAddrCode.csproj", "{DB2C1BC7-72B2-429F-9AA1-F364E11DE437}"
EndProject
Global
	GlobalSection(SolutionConfigurationPlatforms) = preSolution
		Debug|Any CPU = Debug|Any CPU
		Release|Any CPU = Release|Any CPU
	EndGlobalSection
	GlobalSection(ProjectConfigurationPlatforms) = postSolution
		{191C2752-3F31-4235-AD26-B7E1287293E8}.Debug|Any CPU.ActiveCfg = Debug|Any CPU
		{191C2752-3F31-4235-AD26-B7E1287293E8}.Debug|Any CPU.Build.0 = Debug|Any CPU
		{191C2752-3F31-4235-AD26-B7E1287293E8}.Release|Any CPU.ActiveCfg = Release|Any CPU
		{191C2752-3F31-4235-AD26-B7E1287293E8}.Release|Any CPU.Build.0 = Release|Any CPU
		{1A72E236-90D3-4729-9571-FDD1711E4CA7}.Debug|Any CPU.ActiveCfg = Debug|Any CPU
		{1A72E236-90D3-4729-9571-FDD1711E4CA7}.Debug|Any CPU.Build.0 = Debug|Any CPU
		{1A72E236-90D3-4729-9571-FDD1711E4CA7}.Release|Any CPU.ActiveCfg = Release|Any CPU
		{1A72E236-90D3-4729-9571-FDD1711E4CA7}.Release|Any CPU.Build.0 = Release|Any CPU
		{DB2C1BC7-72B2-429F-9AA1-F364E11DE437}.Debug|Any CPU.ActiveCfg = Debug|Any CPU
		{DB2C1BC7-72B2-429F-9AA1-F364E11DE437}.Debug|Any CPU.Build.0 = Debug|Any CPU
		{DB2C1BC7-72B2-429F-9AA1-F364E11DE437}.Release|Any CPU.ActiveCfg = Release|Any CPU
		{DB2C1BC7-72B2-429F-9AA1-F364E11DE437}.Release|Any CPU.Build.0 = Release|Any CPU
	EndGlobalSection
	GlobalSection(SolutionProperties) = preSolution
		HideSolutionNode = FALSE
	EndGlobalSection
	GlobalSection(ExtensibilityGlobals) = postSolution
		SolutionGuid = {4D06B6DC-6B72-4345-8247-239347987208}
	EndGlobalSection
EndGlobal
